
Microsoft Visual Studio Solution File, Format Version 12.00
# Visual Studio Version 17
VisualStudioVersion = 17.3.32901.215
MinimumVisualStudioVersion = 10.0.40219.1
Project("{9A19103F-16F7-4668-BE54-9A1E7A4F7556}") = "MaichartConverterUnitTest", "MaichartConverterUnitTest\MaichartConverterUnitTest.csproj", "{7AD5200B-BE44-4F19-9E79-728996254062}"
EndProject
Project("{FAE04EC0-301F-11D3-BF4B-00C04F79EFBC}") = "MaiLib", "MaiLib\MaiLib.csproj", "{1964A490-8170-42D3-AB5C-A5DB63CFE0E7}"
EndProject
Global
	GlobalSection(SolutionConfigurationPlatforms) = preSolution
		Debug|Any CPU = Debug|Any CPU
		Release|Any CPU = Release|Any CPU
	EndGlobalSection
	GlobalSection(ProjectConfigurationPlatforms) = postSolution
		{7AD5200B-BE44-4F19-9E79-728996254062}.Debug|Any CPU.ActiveCfg = Debug|Any CPU
		{7AD5200B-BE44-4F19-9E79-728996254062}.Debug|Any CPU.Build.0 = Debug|Any CPU
		{7AD5200B-BE44-4F19-9E79-728996254062}.Release|Any CPU.ActiveCfg = Release|Any CPU
		{7AD5200B-BE44-4F19-9E79-728996254062}.Release|Any CPU.Build.0 = Release|Any CPU
		{1964A490-8170-42D3-AB5C-A5DB63CFE0E7}.Debug|Any CPU.ActiveCfg = Debug|Any CPU
		{1964A490-8170-42D3-AB5C-A5DB63CFE0E7}.Debug|Any CPU.Build.0 = Debug|Any CPU
		{1964A490-8170-42D3-AB5C-A5DB63CFE0E7}.Release|Any CPU.ActiveCfg = Release|Any CPU
		{1964A490-8170-42D3-AB5C-A5DB63CFE0E7}.Release|Any CPU.Build.0 = Release|Any CPU
	EndGlobalSection
	GlobalSection(SolutionProperties) = preSolution
		HideSolutionNode = FALSE
	EndGlobalSection
	GlobalSection(ExtensibilityGlobals) = postSolution
		SolutionGuid = {D1689502-550D-4C7B-9FE7-FB0BBCEF1B10}
	EndGlobalSection
EndGlobal
